// !$*UTF8*$!
{
	archiveVersion = 1;
	classes = {
	};
	objectVersion = 46;
	objects = {

/* Begin PBXBuildFile section */
		870B5748189748100046FCA2 /* Destroyer.m in Sources */ = {isa = PBXBuildFile; fileRef = 870B5747189748100046FCA2 /* Destroyer.m */; };
		870B574B18974DD80046FCA2 /* TorpedoBoat.m in Sources */ = {isa = PBXBuildFile; fileRef = 870B574A18974DD80046FCA2 /* TorpedoBoat.m */; };
		878D44E918A0384200F90690 /* RadarBoat.m in Sources */ = {isa = PBXBuildFile; fileRef = 878D44E818A0384200F90690 /* RadarBoat.m */; };
		878D44EC18A0478A00F90690 /* MineLayer.m in Sources */ = {isa = PBXBuildFile; fileRef = 878D44EB18A0478A00F90690 /* MineLayer.m */; };
		87CA67651896DC140081C2B8 /* Foundation.framework in Frameworks */ = {isa = PBXBuildFile; fileRef = 87CA67641896DC140081C2B8 /* Foundation.framework */; };
		87CA67671896DC140081C2B8 /* CoreGraphics.framework in Frameworks */ = {isa = PBXBuildFile; fileRef = 87CA67661896DC140081C2B8 /* CoreGraphics.framework */; };
		87CA67691896DC140081C2B8 /* UIKit.framework in Frameworks */ = {isa = PBXBuildFile; fileRef = 87CA67681896DC140081C2B8 /* UIKit.framework */; };
		87CA676B1896DC140081C2B8 /* SpriteKit.framework in Frameworks */ = {isa = PBXBuildFile; fileRef = 87CA676A1896DC140081C2B8 /* SpriteKit.framework */; };
		87CA67711896DC140081C2B8 /* InfoPlist.strings in Resources */ = {isa = PBXBuildFile; fileRef = 87CA676F1896DC140081C2B8 /* InfoPlist.strings */; };
		87CA67731896DC140081C2B8 /* main.m in Sources */ = {isa = PBXBuildFile; fileRef = 87CA67721896DC140081C2B8 /* main.m */; };
		87CA67771896DC140081C2B8 /* AppDelegate.m in Sources */ = {isa = PBXBuildFile; fileRef = 87CA67761896DC140081C2B8 /* AppDelegate.m */; };
		87CA677A1896DC140081C2B8 /* Main.storyboard in Resources */ = {isa = PBXBuildFile; fileRef = 87CA67781896DC140081C2B8 /* Main.storyboard */; };
		87CA677D1896DC140081C2B8 /* ViewController.m in Sources */ = {isa = PBXBuildFile; fileRef = 87CA677C1896DC140081C2B8 /* ViewController.m */; };
		87CA67801896DC140081C2B8 /* MyScene.m in Sources */ = {isa = PBXBuildFile; fileRef = 87CA677F1896DC140081C2B8 /* MyScene.m */; };
		87CA67841896DC140081C2B8 /* Images.xcassets in Resources */ = {isa = PBXBuildFile; fileRef = 87CA67831896DC140081C2B8 /* Images.xcassets */; };
		87CA678B1896DC140081C2B8 /* XCTest.framework in Frameworks */ = {isa = PBXBuildFile; fileRef = 87CA678A1896DC140081C2B8 /* XCTest.framework */; };
		87CA678C1896DC140081C2B8 /* Foundation.framework in Frameworks */ = {isa = PBXBuildFile; fileRef = 87CA67641896DC140081C2B8 /* Foundation.framework */; };
		87CA678D1896DC140081C2B8 /* UIKit.framework in Frameworks */ = {isa = PBXBuildFile; fileRef = 87CA67681896DC140081C2B8 /* UIKit.framework */; };
		87CA67951896DC140081C2B8 /* InfoPlist.strings in Resources */ = {isa = PBXBuildFile; fileRef = 87CA67931896DC140081C2B8 /* InfoPlist.strings */; };
		87CA67971896DC140081C2B8 /* BattleshipTests.m in Sources */ = {isa = PBXBuildFile; fileRef = 87CA67961896DC140081C2B8 /* BattleshipTests.m */; };
		87CA67A31896DD370081C2B8 /* Ship.m in Sources */ = {isa = PBXBuildFile; fileRef = 87CA67A21896DD370081C2B8 /* Ship.m */; };
		87CA67AC1896E6550081C2B8 /* ShipSegment.m in Sources */ = {isa = PBXBuildFile; fileRef = 87CA67AB1896E6550081C2B8 /* ShipSegment.m */; };
		87CA67AF1896E8850081C2B8 /* Cruiser.m in Sources */ = {isa = PBXBuildFile; fileRef = 87CA67AE1896E8850081C2B8 /* Cruiser.m */; };
/* End PBXBuildFile section */

/* Begin PBXContainerItemProxy section */
		87CA678E1896DC140081C2B8 /* PBXContainerItemProxy */ = {
			isa = PBXContainerItemProxy;
			containerPortal = 87CA67591896DC140081C2B8 /* Project object */;
			proxyType = 1;
			remoteGlobalIDString = 87CA67601896DC140081C2B8;
			remoteInfo = Battleship;
		};
/* End PBXContainerItemProxy section */

/* Begin PBXFileReference section */
		870B5746189748100046FCA2 /* Destroyer.h */ = {isa = PBXFileReference; fileEncoding = 4; lastKnownFileType = sourcecode.c.h; path = Destroyer.h; sourceTree = "<group>"; };
		870B5747189748100046FCA2 /* Destroyer.m */ = {isa = PBXFileReference; fileEncoding = 4; lastKnownFileType = sourcecode.c.objc; path = Destroyer.m; sourceTree = "<group>"; };
		870B574918974DD80046FCA2 /* TorpedoBoat.h */ = {isa = PBXFileReference; fileEncoding = 4; lastKnownFileType = sourcecode.c.h; path = TorpedoBoat.h; sourceTree = "<group>"; };
		870B574A18974DD80046FCA2 /* TorpedoBoat.m */ = {isa = PBXFileReference; fileEncoding = 4; lastKnownFileType = sourcecode.c.objc; path = TorpedoBoat.m; sourceTree = "<group>"; };
		878D44E718A0384200F90690 /* RadarBoat.h */ = {isa = PBXFileReference; fileEncoding = 4; lastKnownFileType = sourcecode.c.h; path = RadarBoat.h; sourceTree = "<group>"; };
		878D44E818A0384200F90690 /* RadarBoat.m */ = {isa = PBXFileReference; fileEncoding = 4; lastKnownFileType = sourcecode.c.objc; path = RadarBoat.m; sourceTree = "<group>"; };
		878D44EA18A0478A00F90690 /* MineLayer.h */ = {isa = PBXFileReference; fileEncoding = 4; lastKnownFileType = sourcecode.c.h; path = MineLayer.h; sourceTree = "<group>"; };
		878D44EB18A0478A00F90690 /* MineLayer.m */ = {isa = PBXFileReference; fileEncoding = 4; lastKnownFileType = sourcecode.c.objc; path = MineLayer.m; sourceTree = "<group>"; };
		878D44ED18A0481E00F90690 /* Mine.h */ = {isa = PBXFileReference; fileEncoding = 4; lastKnownFileType = sourcecode.c.h; path = Mine.h; sourceTree = "<group>"; };
		87CA67611896DC140081C2B8 /* Battleship.app */ = {isa = PBXFileReference; explicitFileType = wrapper.application; includeInIndex = 0; path = Battleship.app; sourceTree = BUILT_PRODUCTS_DIR; };
		87CA67641896DC140081C2B8 /* Foundation.framework */ = {isa = PBXFileReference; lastKnownFileType = wrapper.framework; name = Foundation.framework; path = System/Library/Frameworks/Foundation.framework; sourceTree = SDKROOT; };
		87CA67661896DC140081C2B8 /* CoreGraphics.framework */ = {isa = PBXFileReference; lastKnownFileType = wrapper.framework; name = CoreGraphics.framework; path = System/Library/Frameworks/CoreGraphics.framework; sourceTree = SDKROOT; };
		87CA67681896DC140081C2B8 /* UIKit.framework */ = {isa = PBXFileReference; lastKnownFileType = wrapper.framework; name = UIKit.framework; path = System/Library/Frameworks/UIKit.framework; sourceTree = SDKROOT; };
		87CA676A1896DC140081C2B8 /* SpriteKit.framework */ = {isa = PBXFileReference; lastKnownFileType = wrapper.framework; name = SpriteKit.framework; path = System/Library/Frameworks/SpriteKit.framework; sourceTree = SDKROOT; };
		87CA676E1896DC140081C2B8 /* Battleship-Info.plist */ = {isa = PBXFileReference; lastKnownFileType = text.plist.xml; path = "Battleship-Info.plist"; sourceTree = "<group>"; };
		87CA67701896DC140081C2B8 /* en */ = {isa = PBXFileReference; lastKnownFileType = text.plist.strings; name = en; path = en.lproj/InfoPlist.strings; sourceTree = "<group>"; };
		87CA67721896DC140081C2B8 /* main.m */ = {isa = PBXFileReference; lastKnownFileType = sourcecode.c.objc; path = main.m; sourceTree = "<group>"; };
		87CA67741896DC140081C2B8 /* Battleship-Prefix.pch */ = {isa = PBXFileReference; lastKnownFileType = sourcecode.c.h; path = "Battleship-Prefix.pch"; sourceTree = "<group>"; };
		87CA67751896DC140081C2B8 /* AppDelegate.h */ = {isa = PBXFileReference; lastKnownFileType = sourcecode.c.h; path = AppDelegate.h; sourceTree = "<group>"; };
		87CA67761896DC140081C2B8 /* AppDelegate.m */ = {isa = PBXFileReference; lastKnownFileType = sourcecode.c.objc; path = AppDelegate.m; sourceTree = "<group>"; };
		87CA67791896DC140081C2B8 /* Base */ = {isa = PBXFileReference; lastKnownFileType = file.storyboard; name = Base; path = Base.lproj/Main.storyboard; sourceTree = "<group>"; };
		87CA677B1896DC140081C2B8 /* ViewController.h */ = {isa = PBXFileReference; lastKnownFileType = sourcecode.c.h; path = ViewController.h; sourceTree = "<group>"; };
		87CA677C1896DC140081C2B8 /* ViewController.m */ = {isa = PBXFileReference; lastKnownFileType = sourcecode.c.objc; path = ViewController.m; sourceTree = "<group>"; };
		87CA677E1896DC140081C2B8 /* MyScene.h */ = {isa = PBXFileReference; lastKnownFileType = sourcecode.c.h; path = MyScene.h; sourceTree = "<group>"; };
		87CA677F1896DC140081C2B8 /* MyScene.m */ = {isa = PBXFileReference; lastKnownFileType = sourcecode.c.objc; path = MyScene.m; sourceTree = "<group>"; };
		87CA67831896DC140081C2B8 /* Images.xcassets */ = {isa = PBXFileReference; lastKnownFileType = folder.assetcatalog; path = Images.xcassets; sourceTree = "<group>"; };
		87CA67891896DC140081C2B8 /* BattleshipTests.xctest */ = {isa = PBXFileReference; explicitFileType = wrapper.cfbundle; includeInIndex = 0; path = BattleshipTests.xctest; sourceTree = BUILT_PRODUCTS_DIR; };
		87CA678A1896DC140081C2B8 /* XCTest.framework */ = {isa = PBXFileReference; lastKnownFileType = wrapper.framework; name = XCTest.framework; path = Library/Frameworks/XCTest.framework; sourceTree = DEVELOPER_DIR; };
		87CA67921896DC140081C2B8 /* BattleshipTests-Info.plist */ = {isa = PBXFileReference; lastKnownFileType = text.plist.xml; path = "BattleshipTests-Info.plist"; sourceTree = "<group>"; };
		87CA67941896DC140081C2B8 /* en */ = {isa = PBXFileReference; lastKnownFileType = text.plist.strings; name = en; path = en.lproj/InfoPlist.strings; sourceTree = "<group>"; };
		87CA67961896DC140081C2B8 /* BattleshipTests.m */ = {isa = PBXFileReference; lastKnownFileType = sourcecode.c.objc; path = BattleshipTests.m; sourceTree = "<group>"; };
		87CA67A11896DD370081C2B8 /* Ship.h */ = {isa = PBXFileReference; fileEncoding = 4; lastKnownFileType = sourcecode.c.h; path = Ship.h; sourceTree = "<group>"; };
		87CA67A21896DD370081C2B8 /* Ship.m */ = {isa = PBXFileReference; fileEncoding = 4; lastKnownFileType = sourcecode.c.objc; path = Ship.m; sourceTree = "<group>"; };
		87CA67A41896E4200081C2B8 /* Coordinate.h */ = {isa = PBXFileReference; fileEncoding = 4; lastKnownFileType = sourcecode.c.h; path = Coordinate.h; sourceTree = "<group>"; };
		87CA67A71896E5860081C2B8 /* Range.h */ = {isa = PBXFileReference; fileEncoding = 4; lastKnownFileType = sourcecode.c.h; path = Range.h; sourceTree = "<group>"; };
		87CA67AA1896E6550081C2B8 /* ShipSegment.h */ = {isa = PBXFileReference; fileEncoding = 4; lastKnownFileType = sourcecode.c.h; path = ShipSegment.h; sourceTree = "<group>"; };
		87CA67AB1896E6550081C2B8 /* ShipSegment.m */ = {isa = PBXFileReference; fileEncoding = 4; lastKnownFileType = sourcecode.c.objc; path = ShipSegment.m; sourceTree = "<group>"; };
		87CA67AD1896E8850081C2B8 /* Cruiser.h */ = {isa = PBXFileReference; fileEncoding = 4; lastKnownFileType = sourcecode.c.h; path = Cruiser.h; sourceTree = "<group>"; };
		87CA67AE1896E8850081C2B8 /* Cruiser.m */ = {isa = PBXFileReference; fileEncoding = 4; lastKnownFileType = sourcecode.c.objc; path = Cruiser.m; sourceTree = "<group>"; };
/* End PBXFileReference section */

/* Begin PBXFrameworksBuildPhase section */
		87CA675E1896DC140081C2B8 /* Frameworks */ = {
			isa = PBXFrameworksBuildPhase;
			buildActionMask = 2147483647;
			files = (
				87CA67671896DC140081C2B8 /* CoreGraphics.framework in Frameworks */,
				87CA67691896DC140081C2B8 /* UIKit.framework in Frameworks */,
				87CA676B1896DC140081C2B8 /* SpriteKit.framework in Frameworks */,
				87CA67651896DC140081C2B8 /* Foundation.framework in Frameworks */,
			);
			runOnlyForDeploymentPostprocessing = 0;
		};
		87CA67861896DC140081C2B8 /* Frameworks */ = {
			isa = PBXFrameworksBuildPhase;
			buildActionMask = 2147483647;
			files = (
				87CA678B1896DC140081C2B8 /* XCTest.framework in Frameworks */,
				87CA678D1896DC140081C2B8 /* UIKit.framework in Frameworks */,
				87CA678C1896DC140081C2B8 /* Foundation.framework in Frameworks */,
			);
			runOnlyForDeploymentPostprocessing = 0;
		};
/* End PBXFrameworksBuildPhase section */

/* Begin PBXGroup section */
		87CA67581896DC140081C2B8 = {
			isa = PBXGroup;
			children = (
				87CA676C1896DC140081C2B8 /* Battleship */,
				87CA67901896DC140081C2B8 /* BattleshipTests */,
				87CA67631896DC140081C2B8 /* Frameworks */,
				87CA67621896DC140081C2B8 /* Products */,
			);
			sourceTree = "<group>";
		};
		87CA67621896DC140081C2B8 /* Products */ = {
			isa = PBXGroup;
			children = (
				87CA67611896DC140081C2B8 /* Battleship.app */,
				87CA67891896DC140081C2B8 /* BattleshipTests.xctest */,
			);
			name = Products;
			sourceTree = "<group>";
		};
		87CA67631896DC140081C2B8 /* Frameworks */ = {
			isa = PBXGroup;
			children = (
				87CA67641896DC140081C2B8 /* Foundation.framework */,
				87CA67661896DC140081C2B8 /* CoreGraphics.framework */,
				87CA67681896DC140081C2B8 /* UIKit.framework */,
				87CA676A1896DC140081C2B8 /* SpriteKit.framework */,
				87CA678A1896DC140081C2B8 /* XCTest.framework */,
			);
			name = Frameworks;
			sourceTree = "<group>";
		};
		87CA676C1896DC140081C2B8 /* Battleship */ = {
			isa = PBXGroup;
			children = (
				87CA67781896DC140081C2B8 /* Main.storyboard */,
				87CA677B1896DC140081C2B8 /* ViewController.h */,
				87CA677C1896DC140081C2B8 /* ViewController.m */,
				87CA677E1896DC140081C2B8 /* MyScene.h */,
				87CA677F1896DC140081C2B8 /* MyScene.m */,
				87CA67831896DC140081C2B8 /* Images.xcassets */,
				87CA67A01896DD040081C2B8 /* Model */,
				87CA676D1896DC140081C2B8 /* Supporting Files */,
			);
			path = Battleship;
			sourceTree = "<group>";
		};
		87CA676D1896DC140081C2B8 /* Supporting Files */ = {
			isa = PBXGroup;
			children = (
				87CA67751896DC140081C2B8 /* AppDelegate.h */,
				87CA67761896DC140081C2B8 /* AppDelegate.m */,
				87CA676E1896DC140081C2B8 /* Battleship-Info.plist */,
				87CA676F1896DC140081C2B8 /* InfoPlist.strings */,
				87CA67721896DC140081C2B8 /* main.m */,
				87CA67741896DC140081C2B8 /* Battleship-Prefix.pch */,
			);
			name = "Supporting Files";
			sourceTree = "<group>";
		};
		87CA67901896DC140081C2B8 /* BattleshipTests */ = {
			isa = PBXGroup;
			children = (
				87CA67961896DC140081C2B8 /* BattleshipTests.m */,
				87CA67911896DC140081C2B8 /* Supporting Files */,
			);
			path = BattleshipTests;
			sourceTree = "<group>";
		};
		87CA67911896DC140081C2B8 /* Supporting Files */ = {
			isa = PBXGroup;
			children = (
				87CA67921896DC140081C2B8 /* BattleshipTests-Info.plist */,
				87CA67931896DC140081C2B8 /* InfoPlist.strings */,
			);
			name = "Supporting Files";
			sourceTree = "<group>";
		};
		87CA67A01896DD040081C2B8 /* Model */ = {
			isa = PBXGroup;
			children = (
				87CA67A11896DD370081C2B8 /* Ship.h */,
				87CA67A21896DD370081C2B8 /* Ship.m */,
				87CA67A41896E4200081C2B8 /* Coordinate.h */,
				87CA67A71896E5860081C2B8 /* Range.h */,
				87CA67AA1896E6550081C2B8 /* ShipSegment.h */,
				87CA67AB1896E6550081C2B8 /* ShipSegment.m */,
				87CA67AD1896E8850081C2B8 /* Cruiser.h */,
				87CA67AE1896E8850081C2B8 /* Cruiser.m */,
				870B5746189748100046FCA2 /* Destroyer.h */,
				870B5747189748100046FCA2 /* Destroyer.m */,
				870B574918974DD80046FCA2 /* TorpedoBoat.h */,
				870B574A18974DD80046FCA2 /* TorpedoBoat.m */,
				878D44E718A0384200F90690 /* RadarBoat.h */,
				878D44E818A0384200F90690 /* RadarBoat.m */,
				878D44EA18A0478A00F90690 /* MineLayer.h */,
				878D44EB18A0478A00F90690 /* MineLayer.m */,
				878D44ED18A0481E00F90690 /* Mine.h */,
			);
			name = Model;
			sourceTree = "<group>";
		};
/* End PBXGroup section */

/* Begin PBXNativeTarget section */
		87CA67601896DC140081C2B8 /* Battleship */ = {
			isa = PBXNativeTarget;
			buildConfigurationList = 87CA679A1896DC140081C2B8 /* Build configuration list for PBXNativeTarget "Battleship" */;
			buildPhases = (
				87CA675D1896DC140081C2B8 /* Sources */,
				87CA675E1896DC140081C2B8 /* Frameworks */,
				87CA675F1896DC140081C2B8 /* Resources */,
			);
			buildRules = (
			);
			dependencies = (
			);
			name = Battleship;
			productName = Battleship;
			productReference = 87CA67611896DC140081C2B8 /* Battleship.app */;
			productType = "com.apple.product-type.application";
		};
		87CA67881896DC140081C2B8 /* BattleshipTests */ = {
			isa = PBXNativeTarget;
			buildConfigurationList = 87CA679D1896DC140081C2B8 /* Build configuration list for PBXNativeTarget "BattleshipTests" */;
			buildPhases = (
				87CA67851896DC140081C2B8 /* Sources */,
				87CA67861896DC140081C2B8 /* Frameworks */,
				87CA67871896DC140081C2B8 /* Resources */,
			);
			buildRules = (
			);
			dependencies = (
				87CA678F1896DC140081C2B8 /* PBXTargetDependency */,
			);
			name = BattleshipTests;
			productName = BattleshipTests;
			productReference = 87CA67891896DC140081C2B8 /* BattleshipTests.xctest */;
			productType = "com.apple.product-type.bundle.unit-test";
		};
/* End PBXNativeTarget section */

/* Begin PBXProject section */
		87CA67591896DC140081C2B8 /* Project object */ = {
			isa = PBXProject;
			attributes = {
				LastUpgradeCheck = 0500;
				ORGANIZATIONNAME = "COMP-361";
				TargetAttributes = {
					87CA67881896DC140081C2B8 = {
						TestTargetID = 87CA67601896DC140081C2B8;
					};
				};
			};
			buildConfigurationList = 87CA675C1896DC140081C2B8 /* Build configuration list for PBXProject "Battleship" */;
			compatibilityVersion = "Xcode 3.2";
			developmentRegion = English;
			hasScannedForEncodings = 0;
			knownRegions = (
				en,
				Base,
			);
			mainGroup = 87CA67581896DC140081C2B8;
			productRefGroup = 87CA67621896DC140081C2B8 /* Products */;
			projectDirPath = "";
			projectRoot = "";
			targets = (
				87CA67601896DC140081C2B8 /* Battleship */,
				87CA67881896DC140081C2B8 /* BattleshipTests */,
			);
		};
/* End PBXProject section */

/* Begin PBXResourcesBuildPhase section */
		87CA675F1896DC140081C2B8 /* Resources */ = {
			isa = PBXResourcesBuildPhase;
			buildActionMask = 2147483647;
			files = (
				87CA67711896DC140081C2B8 /* InfoPlist.strings in Resources */,
				87CA67841896DC140081C2B8 /* Images.xcassets in Resources */,
				87CA677A1896DC140081C2B8 /* Main.storyboard in Resources */,
			);
			runOnlyForDeploymentPostprocessing = 0;
		};
		87CA67871896DC140081C2B8 /* Resources */ = {
			isa = PBXResourcesBuildPhase;
			buildActionMask = 2147483647;
			files = (
				87CA67951896DC140081C2B8 /* InfoPlist.strings in Resources */,
			);
			runOnlyForDeploymentPostprocessing = 0;
		};
/* End PBXResourcesBuildPhase section */

/* Begin PBXSourcesBuildPhase section */
		87CA675D1896DC140081C2B8 /* Sources */ = {
			isa = PBXSourcesBuildPhase;
			buildActionMask = 2147483647;
			files = (
				87CA67A31896DD370081C2B8 /* Ship.m in Sources */,
				87CA67801896DC140081C2B8 /* MyScene.m in Sources */,
				870B574B18974DD80046FCA2 /* TorpedoBoat.m in Sources */,
				87CA677D1896DC140081C2B8 /* ViewController.m in Sources */,
				878D44E918A0384200F90690 /* RadarBoat.m in Sources */,
				87CA67771896DC140081C2B8 /* AppDelegate.m in Sources */,
				87CA67731896DC140081C2B8 /* main.m in Sources */,
				870B5748189748100046FCA2 /* Destroyer.m in Sources */,
				87CA67AF1896E8850081C2B8 /* Cruiser.m in Sources */,
				878D44EC18A0478A00F90690 /* MineLayer.m in Sources */,
				87CA67AC1896E6550081C2B8 /* ShipSegment.m in Sources */,
			);
			runOnlyForDeploymentPostprocessing = 0;
		};
		87CA67851896DC140081C2B8 /* Sources */ = {
			isa = PBXSourcesBuildPhase;
			buildActionMask = 2147483647;
			files = (
				87CA67971896DC140081C2B8 /* BattleshipTests.m in Sources */,
			);
			runOnlyForDeploymentPostprocessing = 0;
		};
/* End PBXSourcesBuildPhase section */

/* Begin PBXTargetDependency section */
		87CA678F1896DC140081C2B8 /* PBXTargetDependency */ = {
			isa = PBXTargetDependency;
			target = 87CA67601896DC140081C2B8 /* Battleship */;
			targetProxy = 87CA678E1896DC140081C2B8 /* PBXContainerItemProxy */;
		};
/* End PBXTargetDependency section */

/* Begin PBXVariantGroup section */
		87CA676F1896DC140081C2B8 /* InfoPlist.strings */ = {
			isa = PBXVariantGroup;
			children = (
				87CA67701896DC140081C2B8 /* en */,
			);
			name = InfoPlist.strings;
			sourceTree = "<group>";
		};
		87CA67781896DC140081C2B8 /* Main.storyboard */ = {
			isa = PBXVariantGroup;
			children = (
				87CA67791896DC140081C2B8 /* Base */,
			);
			name = Main.storyboard;
			sourceTree = "<group>";
		};
		87CA67931896DC140081C2B8 /* InfoPlist.strings */ = {
			isa = PBXVariantGroup;
			children = (
				87CA67941896DC140081C2B8 /* en */,
			);
			name = InfoPlist.strings;
			sourceTree = "<group>";
		};
/* End PBXVariantGroup section */

/* Begin XCBuildConfiguration section */
		87CA67981896DC140081C2B8 /* Debug */ = {
			isa = XCBuildConfiguration;
			buildSettings = {
				ALWAYS_SEARCH_USER_PATHS = NO;
				ARCHS = "$(ARCHS_STANDARD_INCLUDING_64_BIT)";
				CLANG_CXX_LANGUAGE_STANDARD = "gnu++0x";
				CLANG_CXX_LIBRARY = "libc++";
				CLANG_ENABLE_MODULES = YES;
				CLANG_ENABLE_OBJC_ARC = YES;
				CLANG_WARN_BOOL_CONVERSION = YES;
				CLANG_WARN_CONSTANT_CONVERSION = YES;
				CLANG_WARN_DIRECT_OBJC_ISA_USAGE = YES_ERROR;
				CLANG_WARN_EMPTY_BODY = YES;
				CLANG_WARN_ENUM_CONVERSION = YES;
				CLANG_WARN_INT_CONVERSION = YES;
				CLANG_WARN_OBJC_ROOT_CLASS = YES_ERROR;
				CLANG_WARN__DUPLICATE_METHOD_MATCH = YES;
				"CODE_SIGN_IDENTITY[sdk=iphoneos*]" = "iPhone Developer";
				COPY_PHASE_STRIP = NO;
				GCC_C_LANGUAGE_STANDARD = gnu99;
				GCC_DYNAMIC_NO_PIC = NO;
				GCC_OPTIMIZATION_LEVEL = 0;
				GCC_PREPROCESSOR_DEFINITIONS = (
					"DEBUG=1",
					"$(inherited)",
				);
				GCC_SYMBOLS_PRIVATE_EXTERN = NO;
				GCC_WARN_64_TO_32_BIT_CONVERSION = YES;
				GCC_WARN_ABOUT_RETURN_TYPE = YES_ERROR;
				GCC_WARN_UNDECLARED_SELECTOR = YES;
				GCC_WARN_UNINITIALIZED_AUTOS = YES;
				GCC_WARN_UNUSED_FUNCTION = YES;
				GCC_WARN_UNUSED_VARIABLE = YES;
				IPHONEOS_DEPLOYMENT_TARGET = 7.0;
				ONLY_ACTIVE_ARCH = YES;
				SDKROOT = iphoneos;
				TARGETED_DEVICE_FAMILY = 2;
			};
			name = Debug;
		};
		87CA67991896DC140081C2B8 /* Release */ = {
			isa = XCBuildConfiguration;
			buildSettings = {
				ALWAYS_SEARCH_USER_PATHS = NO;
				ARCHS = "$(ARCHS_STANDARD_INCLUDING_64_BIT)";
				CLANG_CXX_LANGUAGE_STANDARD = "gnu++0x";
				CLANG_CXX_LIBRARY = "libc++";
				CLANG_ENABLE_MODULES = YES;
				CLANG_ENABLE_OBJC_ARC = YES;
				CLANG_WARN_BOOL_CONVERSION = YES;
				CLANG_WARN_CONSTANT_CONVERSION = YES;
				CLANG_WARN_DIRECT_OBJC_ISA_USAGE = YES_ERROR;
				CLANG_WARN_EMPTY_BODY = YES;
				CLANG_WARN_ENUM_CONVERSION = YES;
				CLANG_WARN_INT_CONVERSION = YES;
				CLANG_WARN_OBJC_ROOT_CLASS = YES_ERROR;
				CLANG_WARN__DUPLICATE_METHOD_MATCH = YES;
				"CODE_SIGN_IDENTITY[sdk=iphoneos*]" = "iPhone Developer";
				COPY_PHASE_STRIP = YES;
				ENABLE_NS_ASSERTIONS = NO;
				GCC_C_LANGUAGE_STANDARD = gnu99;
				GCC_WARN_64_TO_32_BIT_CONVERSION = YES;
				GCC_WARN_ABOUT_RETURN_TYPE = YES_ERROR;
				GCC_WARN_UNDECLARED_SELECTOR = YES;
				GCC_WARN_UNINITIALIZED_AUTOS = YES;
				GCC_WARN_UNUSED_FUNCTION = YES;
				GCC_WARN_UNUSED_VARIABLE = YES;
				IPHONEOS_DEPLOYMENT_TARGET = 7.0;
				SDKROOT = iphoneos;
				TARGETED_DEVICE_FAMILY = 2;
				VALIDATE_PRODUCT = YES;
			};
			name = Release;
		};
		87CA679B1896DC140081C2B8 /* Debug */ = {
			isa = XCBuildConfiguration;
			buildSettings = {
				ASSETCATALOG_COMPILER_APPICON_NAME = AppIcon;
				ASSETCATALOG_COMPILER_LAUNCHIMAGE_NAME = LaunchImage;
				GCC_PRECOMPILE_PREFIX_HEADER = YES;
				GCC_PREFIX_HEADER = "Battleship/Battleship-Prefix.pch";
				INFOPLIST_FILE = "Battleship/Battleship-Info.plist";
				PRODUCT_NAME = "$(TARGET_NAME)";
				SPRITEKIT_TEXTURE_ATLAS_OUTPUT = YES;
				WRAPPER_EXTENSION = app;
			};
			name = Debug;
		};
		87CA679C1896DC140081C2B8 /* Release */ = {
			isa = XCBuildConfiguration;
			buildSettings = {
				ASSETCATALOG_COMPILER_APPICON_NAME = AppIcon;
				ASSETCATALOG_COMPILER_LAUNCHIMAGE_NAME = LaunchImage;
				GCC_PRECOMPILE_PREFIX_HEADER = YES;
				GCC_PREFIX_HEADER = "Battleship/Battleship-Prefix.pch";
				INFOPLIST_FILE = "Battleship/Battleship-Info.plist";
				PRODUCT_NAME = "$(TARGET_NAME)";
				SPRITEKIT_TEXTURE_ATLAS_OUTPUT = YES;
				WRAPPER_EXTENSION = app;
			};
			name = Release;
		};
		87CA679E1896DC140081C2B8 /* Debug */ = {
			isa = XCBuildConfiguration;
			buildSettings = {
				ARCHS = "$(ARCHS_STANDARD_INCLUDING_64_BIT)";
				BUNDLE_LOADER = "$(BUILT_PRODUCTS_DIR)/Battleship.app/Battleship";
				FRAMEWORK_SEARCH_PATHS = (
					"$(SDKROOT)/Developer/Library/Frameworks",
					"$(inherited)",
					"$(DEVELOPER_FRAMEWORKS_DIR)",
				);
				GCC_PRECOMPILE_PREFIX_HEADER = YES;
				GCC_PREFIX_HEADER = "Battleship/Battleship-Prefix.pch";
				GCC_PREPROCESSOR_DEFINITIONS = (
					"DEBUG=1",
					"$(inherited)",
				);
				INFOPLIST_FILE = "BattleshipTests/BattleshipTests-Info.plist";
				PRODUCT_NAME = "$(TARGET_NAME)";
				TEST_HOST = "$(BUNDLE_LOADER)";
				WRAPPER_EXTENSION = xctest;
			};
			name = Debug;
		};
		87CA679F1896DC140081C2B8 /* Release */ = {
			isa = XCBuildConfiguration;
			buildSettings = {
				ARCHS = "$(ARCHS_STANDARD_INCLUDING_64_BIT)";
				BUNDLE_LOADER = "$(BUILT_PRODUCTS_DIR)/Battleship.app/Battleship";
				FRAMEWORK_SEARCH_PATHS = (
					"$(SDKROOT)/Developer/Library/Frameworks",
					"$(inherited)",
					"$(DEVELOPER_FRAMEWORKS_DIR)",
				);
				GCC_PRECOMPILE_PREFIX_HEADER = YES;
				GCC_PREFIX_HEADER = "Battleship/Battleship-Prefix.pch";
				INFOPLIST_FILE = "BattleshipTests/BattleshipTests-Info.plist";
				PRODUCT_NAME = "$(TARGET_NAME)";
				TEST_HOST = "$(BUNDLE_LOADER)";
				WRAPPER_EXTENSION = xctest;
			};
			name = Release;
		};
/* End XCBuildConfiguration section */

/* Begin XCConfigurationList section */
		87CA675C1896DC140081C2B8 /* Build configuration list for PBXProject "Battleship" */ = {
			isa = XCConfigurationList;
			buildConfigurations = (
				87CA67981896DC140081C2B8 /* Debug */,
				87CA67991896DC140081C2B8 /* Release */,
			);
			defaultConfigurationIsVisible = 0;
			defaultConfigurationName = Release;
		};
		87CA679A1896DC140081C2B8 /* Build configuration list for PBXNativeTarget "Battleship" */ = {
			isa = XCConfigurationList;
			buildConfigurations = (
				87CA679B1896DC140081C2B8 /* Debug */,
				87CA679C1896DC140081C2B8 /* Release */,
			);
			defaultConfigurationIsVisible = 0;
			defaultConfigurationName = Release;
		};
		87CA679D1896DC140081C2B8 /* Build configuration list for PBXNativeTarget "BattleshipTests" */ = {
			isa = XCConfigurationList;
			buildConfigurations = (
				87CA679E1896DC140081C2B8 /* Debug */,
				87CA679F1896DC140081C2B8 /* Release */,
			);
			defaultConfigurationIsVisible = 0;
			defaultConfigurationName = Release;
		};
/* End XCConfigurationList section */
	};
	rootObject = 87CA67591896DC140081C2B8 /* Project object */;
}
